
Microsoft Visual Studio Solution File, Format Version 12.00
# Visual Studio 14
VisualStudioVersion = 14.0.24720.0
MinimumVisualStudioVersion = 10.0.40219.1
Project("{FAE04EC0-301F-11D3-BF4B-00C04F79EFBC}") = "IntelliRpsLeap", "IntelliRpsLeap\IntelliRpsLeap.csproj", "{119818AF-F8B2-44EE-899E-D5E9F75EEA97}"
EndProject
Project("{FAE04EC0-301F-11D3-BF4B-00C04F79EFBC}") = "IntelliRpsConsole", "IntelliRpsConsole\IntelliRpsConsole.csproj", "{0DB46105-5249-4594-BE5F-4A887CF88F75}"
EndProject
Project("{FAE04EC0-301F-11D3-BF4B-00C04F79EFBC}") = "IntelliRps", "IntelliRps\IntelliRps.csproj", "{04B69A04-D3F9-43E2-BB32-03A40080216D}"
EndProject
Global
	GlobalSection(SolutionConfigurationPlatforms) = preSolution
		Debug|Any CPU = Debug|Any CPU
		Release|Any CPU = Release|Any CPU
	EndGlobalSection
	GlobalSection(ProjectConfigurationPlatforms) = postSolution
		{119818AF-F8B2-44EE-899E-D5E9F75EEA97}.Debug|Any CPU.ActiveCfg = Debug|Any CPU
		{119818AF-F8B2-44EE-899E-D5E9F75EEA97}.Debug|Any CPU.Build.0 = Debug|Any CPU
		{119818AF-F8B2-44EE-899E-D5E9F75EEA97}.Release|Any CPU.ActiveCfg = Release|Any CPU
		{119818AF-F8B2-44EE-899E-D5E9F75EEA97}.Release|Any CPU.Build.0 = Release|Any CPU
		{0DB46105-5249-4594-BE5F-4A887CF88F75}.Debug|Any CPU.ActiveCfg = Debug|Any CPU
		{0DB46105-5249-4594-BE5F-4A887CF88F75}.Debug|Any CPU.Build.0 = Debug|Any CPU
		{0DB46105-5249-4594-BE5F-4A887CF88F75}.Release|Any CPU.ActiveCfg = Release|Any CPU
		{0DB46105-5249-4594-BE5F-4A887CF88F75}.Release|Any CPU.Build.0 = Release|Any CPU
		{04B69A04-D3F9-43E2-BB32-03A40080216D}.Debug|Any CPU.ActiveCfg = Debug|Any CPU
		{04B69A04-D3F9-43E2-BB32-03A40080216D}.Debug|Any CPU.Build.0 = Debug|Any CPU
		{04B69A04-D3F9-43E2-BB32-03A40080216D}.Release|Any CPU.ActiveCfg = Release|Any CPU
		{04B69A04-D3F9-43E2-BB32-03A40080216D}.Release|Any CPU.Build.0 = Release|Any CPU
	EndGlobalSection
	GlobalSection(SolutionProperties) = preSolution
		HideSolutionNode = FALSE
	EndGlobalSection
EndGlobal
